
Microsoft Visual Studio Solution File, Format Version 12.00
# Visual Studio Version 17
VisualStudioVersion = 17.14.36908.2 d17.14
MinimumVisualStudioVersion = 10.0.40219.1
Project("{FAE04EC0-301F-11D3-BF4B-00C04F79EFBC}") = "Company.Saad.PL", "Company.Saad.PL\Company.Saad.PL.csproj", "{2F38BDEF-65CE-43AC-A2D2-8AE05E7F5053}"
EndProject
Project("{FAE04EC0-301F-11D3-BF4B-00C04F79EFBC}") = "Coompany.Saad.DAL", "Coompany.Saad.DAL\Coompany.Saad.DAL.csproj", "{B90B2A1C-557F-4730-9BD0-8F4B8CD30249}"
EndProject
Project("{FAE04EC0-301F-11D3-BF4B-00C04F79EFBC}") = "Company.Saad.BLL", "Company.Saad.BLL\Company.Saad.BLL.csproj", "{498C7B52-5E6D-47C6-99AE-E1B73BA88B64}"
EndProject
Global
	GlobalSection(SolutionConfigurationPlatforms) = preSolution
		Debug|Any CPU = Debug|Any CPU
		Release|Any CPU = Release|Any CPU
	EndGlobalSection
	GlobalSection(ProjectConfigurationPlatforms) = postSolution
		{2F38BDEF-65CE-43AC-A2D2-8AE05E7F5053}.Debug|Any CPU.ActiveCfg = Debug|Any CPU
		{2F38BDEF-65CE-43AC-A2D2-8AE05E7F5053}.Debug|Any CPU.Build.0 = Debug|Any CPU
		{2F38BDEF-65CE-43AC-A2D2-8AE05E7F5053}.Release|Any CPU.ActiveCfg = Release|Any CPU
		{2F38BDEF-65CE-43AC-A2D2-8AE05E7F5053}.Release|Any CPU.Build.0 = Release|Any CPU
		{B90B2A1C-557F-4730-9BD0-8F4B8CD30249}.Debug|Any CPU.ActiveCfg = Debug|Any CPU
		{B90B2A1C-557F-4730-9BD0-8F4B8CD30249}.Debug|Any CPU.Build.0 = Debug|Any CPU
		{B90B2A1C-557F-4730-9BD0-8F4B8CD30249}.Release|Any CPU.ActiveCfg = Release|Any CPU
		{B90B2A1C-557F-4730-9BD0-8F4B8CD30249}.Release|Any CPU.Build.0 = Release|Any CPU
		{498C7B52-5E6D-47C6-99AE-E1B73BA88B64}.Debug|Any CPU.ActiveCfg = Debug|Any CPU
		{498C7B52-5E6D-47C6-99AE-E1B73BA88B64}.Debug|Any CPU.Build.0 = Debug|Any CPU
		{498C7B52-5E6D-47C6-99AE-E1B73BA88B64}.Release|Any CPU.ActiveCfg = Release|Any CPU
		{498C7B52-5E6D-47C6-99AE-E1B73BA88B64}.Release|Any CPU.Build.0 = Release|Any CPU
	EndGlobalSection
	GlobalSection(SolutionProperties) = preSolution
		HideSolutionNode = FALSE
	EndGlobalSection
	GlobalSection(ExtensibilityGlobals) = postSolution
		SolutionGuid = {34F49B57-2EA0-4DB3-827B-F759548C2AFD}
	EndGlobalSection
EndGlobal
